
Microsoft Visual Studio Solution File, Format Version 12.00
# Visual Studio Version 17
VisualStudioVersion = 17.0.31903.59
MinimumVisualStudioVersion = 10.0.40219.1
Project("{FAE04EC0-301F-11D3-BF4B-00C04F79EFBC}") = "BeautyCenterSaaS.Domain", "BeautyCenterSaaS.Domain\BeautyCenterSaaS.Domain.csproj", "{A2820A6F-BF4E-4B4E-8BD3-E7E305D383BB}"
EndProject
Project("{FAE04EC0-301F-11D3-BF4B-00C04F79EFBC}") = "BeautyCenterSaaS.Application", "BeautyCenterSaaS.Application\BeautyCenterSaaS.Application.csproj", "{4CA0FFEB-FDC2-4A62-8F61-D323183EA631}"
EndProject
Project("{FAE04EC0-301F-11D3-BF4B-00C04F79EFBC}") = "BeautyCenterSaaS.Infrastructure", "BeautyCenterSaaS.Infrastructure\BeautyCenterSaaS.Infrastructure.csproj", "{6B60FA2A-710A-423B-8801-D00E9A5AEF2D}"
EndProject
Project("{FAE04EC0-301F-11D3-BF4B-00C04F79EFBC}") = "BeautyCenterSaaS.Web", "BeautyCenterSaaS.Web\BeautyCenterSaaS.Web.csproj", "{FAAB33D7-7677-42BB-B562-DEA1117860FD}"
EndProject
Global
	GlobalSection(SolutionConfigurationPlatforms) = preSolution
		Debug|Any CPU = Debug|Any CPU
		Debug|x64 = Debug|x64
		Debug|x86 = Debug|x86
		Release|Any CPU = Release|Any CPU
		Release|x64 = Release|x64
		Release|x86 = Release|x86
	EndGlobalSection
	GlobalSection(ProjectConfigurationPlatforms) = postSolution
		{A2820A6F-BF4E-4B4E-8BD3-E7E305D383BB}.Debug|Any CPU.ActiveCfg = Debug|Any CPU
		{A2820A6F-BF4E-4B4E-8BD3-E7E305D383BB}.Debug|Any CPU.Build.0 = Debug|Any CPU
		{A2820A6F-BF4E-4B4E-8BD3-E7E305D383BB}.Debug|x64.ActiveCfg = Debug|Any CPU
		{A2820A6F-BF4E-4B4E-8BD3-E7E305D383BB}.Debug|x64.Build.0 = Debug|Any CPU
		{A2820A6F-BF4E-4B4E-8BD3-E7E305D383BB}.Debug|x86.ActiveCfg = Debug|Any CPU
		{A2820A6F-BF4E-4B4E-8BD3-E7E305D383BB}.Debug|x86.Build.0 = Debug|Any CPU
		{A2820A6F-BF4E-4B4E-8BD3-E7E305D383BB}.Release|Any CPU.ActiveCfg = Release|Any CPU
		{A2820A6F-BF4E-4B4E-8BD3-E7E305D383BB}.Release|Any CPU.Build.0 = Release|Any CPU
		{A2820A6F-BF4E-4B4E-8BD3-E7E305D383BB}.Release|x64.ActiveCfg = Release|Any CPU
		{A2820A6F-BF4E-4B4E-8BD3-E7E305D383BB}.Release|x64.Build.0 = Release|Any CPU
		{A2820A6F-BF4E-4B4E-8BD3-E7E305D383BB}.Release|x86.ActiveCfg = Release|Any CPU
		{A2820A6F-BF4E-4B4E-8BD3-E7E305D383BB}.Release|x86.Build.0 = Release|Any CPU
		{4CA0FFEB-FDC2-4A62-8F61-D323183EA631}.Debug|Any CPU.ActiveCfg = Debug|Any CPU
		{4CA0FFEB-FDC2-4A62-8F61-D323183EA631}.Debug|Any CPU.Build.0 = Debug|Any CPU
		{4CA0FFEB-FDC2-4A62-8F61-D323183EA631}.Debug|x64.ActiveCfg = Debug|Any CPU
		{4CA0FFEB-FDC2-4A62-8F61-D323183EA631}.Debug|x64.Build.0 = Debug|Any CPU
		{4CA0FFEB-FDC2-4A62-8F61-D323183EA631}.Debug|x86.ActiveCfg = Debug|Any CPU
		{4CA0FFEB-FDC2-4A62-8F61-D323183EA631}.Debug|x86.Build.0 = Debug|Any CPU
		{4CA0FFEB-FDC2-4A62-8F61-D323183EA631}.Release|Any CPU.ActiveCfg = Release|Any CPU
		{4CA0FFEB-FDC2-4A62-8F61-D323183EA631}.Release|Any CPU.Build.0 = Release|Any CPU
		{4CA0FFEB-FDC2-4A62-8F61-D323183EA631}.Release|x64.ActiveCfg = Release|Any CPU
		{4CA0FFEB-FDC2-4A62-8F61-D323183EA631}.Release|x64.Build.0 = Release|Any CPU
		{4CA0FFEB-FDC2-4A62-8F61-D323183EA631}.Release|x86.ActiveCfg = Release|Any CPU
		{4CA0FFEB-FDC2-4A62-8F61-D323183EA631}.Release|x86.Build.0 = Release|Any CPU
		{6B60FA2A-710A-423B-8801-D00E9A5AEF2D}.Debug|Any CPU.ActiveCfg = Debug|Any CPU
		{6B60FA2A-710A-423B-8801-D00E9A5AEF2D}.Debug|Any CPU.Build.0 = Debug|Any CPU
		{6B60FA2A-710A-423B-8801-D00E9A5AEF2D}.Debug|x64.ActiveCfg = Debug|Any CPU
		{6B60FA2A-710A-423B-8801-D00E9A5AEF2D}.Debug|x64.Build.0 = Debug|Any CPU
		{6B60FA2A-710A-423B-8801-D00E9A5AEF2D}.Debug|x86.ActiveCfg = Debug|Any CPU
		{6B60FA2A-710A-423B-8801-D00E9A5AEF2D}.Debug|x86.Build.0 = Debug|Any CPU
		{6B60FA2A-710A-423B-8801-D00E9A5AEF2D}.Release|Any CPU.ActiveCfg = Release|Any CPU
		{6B60FA2A-710A-423B-8801-D00E9A5AEF2D}.Release|Any CPU.Build.0 = Release|Any CPU
		{6B60FA2A-710A-423B-8801-D00E9A5AEF2D}.Release|x64.ActiveCfg = Release|Any CPU
		{6B60FA2A-710A-423B-8801-D00E9A5AEF2D}.Release|x64.Build.0 = Release|Any CPU
		{6B60FA2A-710A-423B-8801-D00E9A5AEF2D}.Release|x86.ActiveCfg = Release|Any CPU
		{6B60FA2A-710A-423B-8801-D00E9A5AEF2D}.Release|x86.Build.0 = Release|Any CPU
		{FAAB33D7-7677-42BB-B562-DEA1117860FD}.Debug|Any CPU.ActiveCfg = Debug|Any CPU
		{FAAB33D7-7677-42BB-B562-DEA1117860FD}.Debug|Any CPU.Build.0 = Debug|Any CPU
		{FAAB33D7-7677-42BB-B562-DEA1117860FD}.Debug|x64.ActiveCfg = Debug|Any CPU
		{FAAB33D7-7677-42BB-B562-DEA1117860FD}.Debug|x64.Build.0 = Debug|Any CPU
		{FAAB33D7-7677-42BB-B562-DEA1117860FD}.Debug|x86.ActiveCfg = Debug|Any CPU
		{FAAB33D7-7677-42BB-B562-DEA1117860FD}.Debug|x86.Build.0 = Debug|Any CPU
		{FAAB33D7-7677-42BB-B562-DEA1117860FD}.Release|Any CPU.ActiveCfg = Release|Any CPU
		{FAAB33D7-7677-42BB-B562-DEA1117860FD}.Release|Any CPU.Build.0 = Release|Any CPU
		{FAAB33D7-7677-42BB-B562-DEA1117860FD}.Release|x64.ActiveCfg = Release|Any CPU
		{FAAB33D7-7677-42BB-B562-DEA1117860FD}.Release|x64.Build.0 = Release|Any CPU
		{FAAB33D7-7677-42BB-B562-DEA1117860FD}.Release|x86.ActiveCfg = Release|Any CPU
		{FAAB33D7-7677-42BB-B562-DEA1117860FD}.Release|x86.Build.0 = Release|Any CPU
	EndGlobalSection
	GlobalSection(SolutionProperties) = preSolution
		HideSolutionNode = FALSE
	EndGlobalSection
EndGlobal
